{
  "lockfile_version": "1",
  "packages": {
    "lazygit@latest": {
      "last_modified": "2024-03-23T22:08:43Z",
      "resolved": "github:NixOS/nixpkgs/e1d501922fd7351da4200e1275dfcf5faaad1220#lazygit",
      "source": "devbox-search",
      "version": "0.41.0",
      "systems": {
        "aarch64-darwin": {
          "outputs": [
            {
              "name": "out",
              "path": "/nix/store/sywcn4r5krmisyn0l05056nrzx0v1r57-lazygit-0.41.0",
              "default": true
            }
          ],
          "store_path": "/nix/store/sywcn4r5krmisyn0l05056nrzx0v1r57-lazygit-0.41.0"
        },
        "aarch64-linux": {
          "outputs": [
            {
              "name": "out",
              "path": "/nix/store/i8nnqbv740lks44gbclvyz08sgwk901l-lazygit-0.41.0",
              "default": true
            }
          ],
          "store_path": "/nix/store/i8nnqbv740lks44gbclvyz08sgwk901l-lazygit-0.41.0"
        },
        "x86_64-darwin": {
          "outputs": [
            {
              "name": "out",
              "path": "/nix/store/il77024bv9mxrig9z8f4hh088m6p8g34-lazygit-0.41.0",
              "default": true
            }
          ],
          "store_path": "/nix/store/il77024bv9mxrig9z8f4hh088m6p8g34-lazygit-0.41.0"
        },
        "x86_64-linux": {
          "outputs": [
            {
              "name": "out",
              "path": "/nix/store/0psgp7mrwa5y4mabnwg6h74faf5shb03-lazygit-0.41.0",
              "default": true
            }
          ],
          "store_path": "/nix/store/0psgp7mrwa5y4mabnwg6h74faf5shb03-lazygit-0.41.0"
        }
      }
    },
    "neovim@latest": {
      "last_modified": "2024-03-22T11:26:23Z",
      "resolved": "github:NixOS/nixpkgs/a3ed7406349a9335cb4c2a71369b697cecd9d351#neovim",
      "source": "devbox-search",
      "version": "0.9.5",
      "systems": {
        "aarch64-darwin": {
          "outputs": [
            {
              "name": "out",
              "path": "/nix/store/zhby1kzpcr6c89bq59cg7y4lsxb271mm-neovim-0.9.5",
              "default": true
            }
          ],
          "store_path": "/nix/store/zhby1kzpcr6c89bq59cg7y4lsxb271mm-neovim-0.9.5"
        },
        "aarch64-linux": {
          "outputs": [
            {
              "name": "out",
              "path": "/nix/store/sp8hjnn7abl94war932myhdandiizzn7-neovim-0.9.5",
              "default": true
            }
          ],
          "store_path": "/nix/store/sp8hjnn7abl94war932myhdandiizzn7-neovim-0.9.5"
        },
        "x86_64-darwin": {
          "outputs": [
            {
              "name": "out",
              "path": "/nix/store/jywihvch73b94p3d4nmp1jff02m712r7-neovim-0.9.5",
              "default": true
            }
          ],
          "store_path": "/nix/store/jywihvch73b94p3d4nmp1jff02m712r7-neovim-0.9.5"
        },
        "x86_64-linux": {
          "outputs": [
            {
              "name": "out",
              "path": "/nix/store/yiz4s56j80q3c22psybvnib2vmkrpgw3-neovim-0.9.5",
              "default": true
            }
          ],
          "store_path": "/nix/store/yiz4s56j80q3c22psybvnib2vmkrpgw3-neovim-0.9.5"
        }
      }
    },
    "nodejs@latest": {
      "last_modified": "2024-03-22T11:26:23Z",
      "plugin_version": "0.0.2",
      "resolved": "github:NixOS/nixpkgs/a3ed7406349a9335cb4c2a71369b697cecd9d351#nodejs_21",
      "source": "devbox-search",
      "version": "21.7.1",
      "systems": {
        "aarch64-darwin": {
          "outputs": [
            {
              "name": "out",
              "path": "/nix/store/x1d9im8iy3q74jx1ij2k3pjsfgvqihn1-nodejs-21.7.1",
              "default": true
            },
            {
              "name": "libv8",
              "path": "/nix/store/q6nyy20l3ixkc6j20sng8vfdjbx3fx3l-nodejs-21.7.1-libv8"
            }
          ],
          "store_path": "/nix/store/x1d9im8iy3q74jx1ij2k3pjsfgvqihn1-nodejs-21.7.1"
        },
        "aarch64-linux": {
          "outputs": [
            {
              "name": "out",
              "path": "/nix/store/b7cq5jvw90bl4ls3nssrj5xwh3d6vldf-nodejs-21.7.1",
              "default": true
            },
            {
              "name": "libv8",
              "path": "/nix/store/w6z9pd67lv405dv366zbfn7cyvf8r43z-nodejs-21.7.1-libv8"
            }
          ],
          "store_path": "/nix/store/b7cq5jvw90bl4ls3nssrj5xwh3d6vldf-nodejs-21.7.1"
        },
        "x86_64-darwin": {
          "outputs": [
            {
              "name": "out",
              "path": "/nix/store/klvzykcgrhlbpkgdaw5329w2l09wp4vd-nodejs-21.7.1",
              "default": true
            },
            {
              "name": "libv8",
              "path": "/nix/store/3nxs6fcwrbllix8zwdgpw52wg022h4mm-nodejs-21.7.1-libv8"
            }
          ],
          "store_path": "/nix/store/klvzykcgrhlbpkgdaw5329w2l09wp4vd-nodejs-21.7.1"
        },
        "x86_64-linux": {
          "outputs": [
            {
              "name": "out",
              "path": "/nix/store/7fd8ac3wm7gq8k5qd6l15hqx13bm4mr6-nodejs-21.7.1",
              "default": true
            },
            {
              "name": "libv8",
              "path": "/nix/store/pxmz45ki1zrp6lzfypcjyhgk6v9mpk55-nodejs-21.7.1-libv8"
            }
          ],
          "store_path": "/nix/store/7fd8ac3wm7gq8k5qd6l15hqx13bm4mr6-nodejs-21.7.1"
        }
      }
    },
    "python3@latest": {
      "last_modified": "2024-03-22T11:26:23Z",
      "plugin_version": "0.0.3",
      "resolved": "github:NixOS/nixpkgs/a3ed7406349a9335cb4c2a71369b697cecd9d351#python3",
      "source": "devbox-search",
      "version": "3.11.8",
      "systems": {
        "aarch64-darwin": {
          "outputs": [
            {
              "name": "out",
              "path": "/nix/store/c05vbvkjxarxkws9zkwrcwrzlsx9nd68-python3-3.11.8",
              "default": true
            }
          ],
          "store_path": "/nix/store/c05vbvkjxarxkws9zkwrcwrzlsx9nd68-python3-3.11.8"
        },
        "aarch64-linux": {
          "outputs": [
            {
              "name": "out",
              "path": "/nix/store/pxzzyri1wbq7kc7pain665g94afkl4ww-python3-3.11.8",
              "default": true
            },
            {
              "name": "debug",
              "path": "/nix/store/pil9amzyf38iwbpxb9dsdy9knirmxara-python3-3.11.8-debug"
            }
          ],
          "store_path": "/nix/store/pxzzyri1wbq7kc7pain665g94afkl4ww-python3-3.11.8"
        },
        "x86_64-darwin": {
          "outputs": [
            {
              "name": "out",
              "path": "/nix/store/1zaap1xxxvw2ypsgh1mfxb3wzdd49873-python3-3.11.8",
              "default": true
            }
          ],
          "store_path": "/nix/store/1zaap1xxxvw2ypsgh1mfxb3wzdd49873-python3-3.11.8"
        },
        "x86_64-linux": {
          "outputs": [
            {
              "name": "out",
              "path": "/nix/store/7wz6hm9i8wljz0hgwz1wqmn2zlbgavrq-python3-3.11.8",
              "default": true
            },
            {
              "name": "debug",
              "path": "/nix/store/lqskl1av524nl12bwdn3g91fiwjr57bd-python3-3.11.8-debug"
            }
          ],
          "store_path": "/nix/store/7wz6hm9i8wljz0hgwz1wqmn2zlbgavrq-python3-3.11.8"
        }
      }
    }
  }
}
